<?xml version="1.0" encoding="utf-8"?>
<Project ToolsVersion="4.0" xmlns="http://schemas.microsoft.com/developer/msbuild/2003">
  <ItemGroup>
    <Filter Include="Source Files">
      <UniqueIdentifier>{4FC737F1-C7A5-4376-A066-2A32D752A2FF}</UniqueIdentifier>
      <Extensions>cpp;c;cc;cxx;c++;cppm;ixx;def;odl;idl;hpj;bat;asm;asmx</Extensions>
    </Filter>
    <Filter Include="Header Files">
      <UniqueIdentifier>{93995380-89BD-4b04-88EB-625FBE52EBFB}</UniqueIdentifier>
      <Extensions>h;hh;hpp;hxx;h++;hm;inl;inc;ipp;xsd</Extensions>
    </Filter>
    <Filter Include="Resource Files">
      <UniqueIdentifier>{67DA6AB6-F800-4c08-8B7A-83BB121AAD01}</UniqueIdentifier>
      <Extensions>rc;ico;cur;bmp;dlg;rc2;rct;bin;rgs;gif;jpg;jpeg;jpe;resx;tiff;tif;png;wav;mfcribbon-ms</Extensions>
    </Filter>
    <Filter Include="ademco">
      <UniqueIdentifier>{e5563916-4ea7-4065-9be4-f34d41d6e97f}</UniqueIdentifier>
    </Filter>
    <Filter Include="uvlib">
      <UniqueIdentifier>{ccce695b-7cff-4961-8c57-f722d12402cb}</UniqueIdentifier>
    </Filter>
    <Filter Include="uvlib\llhttp">
      <UniqueIdentifier>{d87a50b2-ba54-4102-940a-ec65bb393464}</UniqueIdentifier>
    </Filter>
    <Filter Include="cJSON">
      <UniqueIdentifier>{7d7954ed-fb8d-4e25-9f82-2c8780f8b7b8}</UniqueIdentifier>
    </Filter>
  </ItemGroup>
  <ItemGroup>
    <ClCompile Include="..\..\ademco.c">
      <Filter>ademco</Filter>
    </ClCompile>
    <ClCompile Include="httprelay.c">
      <Filter>Source Files</Filter>
    </ClCompile>
    <ClCompile Include="uvlib\llhttp\src\api.c">
      <Filter>uvlib\llhttp</Filter>
    </ClCompile>
    <ClCompile Include="uvlib\llhttp\src\http.c">
      <Filter>uvlib\llhttp</Filter>
    </ClCompile>
    <ClCompile Include="uvlib\llhttp\src\llhttp.c">
      <Filter>uvlib\llhttp</Filter>
    </ClCompile>
    <ClCompile Include="uvlib\mybuf.c">
      <Filter>uvlib</Filter>
    </ClCompile>
    <ClCompile Include="uvlib\uv_httpd.c">
      <Filter>uvlib</Filter>
    </ClCompile>
    <ClCompile Include="uvlib\uv_log.c">
      <Filter>uvlib</Filter>
    </ClCompile>
    <ClCompile Include="uvlib\uv_tcpserver.c">
      <Filter>uvlib</Filter>
    </ClCompile>
    <ClCompile Include="uvlib\uv_httpc.c">
      <Filter>uvlib</Filter>
    </ClCompile>
    <ClCompile Include="uvlib\uv_tcpclient.c">
      <Filter>uvlib</Filter>
    </ClCompile>
    <ClCompile Include="cJSON\cJSON.c">
      <Filter>cJSON</Filter>
    </ClCompile>
    <ClCompile Include="uvlib\uv_tcp.c">
      <Filter>uvlib</Filter>
    </ClCompile>
    <ClCompile Include="..\..\hb_core.c">
      <Filter>ademco</Filter>
    </ClCompile>
    <ClCompile Include="..\..\hb_core_ademco.c">
      <Filter>ademco</Filter>
    </ClCompile>
    <ClCompile Include="..\..\hb_rf.c">
      <Filter>ademco</Filter>
    </ClCompile>
  </ItemGroup>
  <ItemGroup>
    <ClInclude Include="..\..\ademco.h">
      <Filter>ademco</Filter>
    </ClInclude>
    <ClInclude Include="uvlib\list.h">
      <Filter>uvlib</Filter>
    </ClInclude>
    <ClInclude Include="uvlib\mybuf.h">
      <Filter>uvlib</Filter>
    </ClInclude>
    <ClInclude Include="uvlib\uv_http.h">
      <Filter>uvlib</Filter>
    </ClInclude>
    <ClInclude Include="uvlib\uv_httpd.h">
      <Filter>uvlib</Filter>
    </ClInclude>
    <ClInclude Include="uvlib\uv_log.h">
      <Filter>uvlib</Filter>
    </ClInclude>
    <ClInclude Include="uvlib\uv_tcp.h">
      <Filter>uvlib</Filter>
    </ClInclude>
    <ClInclude Include="uvlib\uv_tcpserver.h">
      <Filter>uvlib</Filter>
    </ClInclude>
    <ClInclude Include="uvlib\uv_httpc.h">
      <Filter>uvlib</Filter>
    </ClInclude>
    <ClInclude Include="uvlib\uv_tcpclient.h">
      <Filter>uvlib</Filter>
    </ClInclude>
    <ClInclude Include="cJSON\cJSON.h">
      <Filter>cJSON</Filter>
    </ClInclude>
    <ClInclude Include="..\..\hb_core.h">
      <Filter>ademco</Filter>
    </ClInclude>
    <ClInclude Include="..\..\hb_core_ademco.h">
      <Filter>ademco</Filter>
    </ClInclude>
    <ClInclude Include="..\..\hb_rf.h">
      <Filter>ademco</Filter>
    </ClInclude>
  </ItemGroup>
</Project>