
Microsoft Visual Studio Solution File, Format Version 12.00
# Visual Studio Version 16
VisualStudioVersion = 16.0.30114.105
MinimumVisualStudioVersion = 10.0.40219.1
Project("{8BC9CEB8-8B4A-11D0-8D11-00A0C91BC942}") = "server_demo", "server_demo\server_demo.vcxproj", "{EA5A04AA-EE49-4059-81A0-765402A210E7}"
EndProject
Project("{8BC9CEB8-8B4A-11D0-8D11-00A0C91BC942}") = "gen_event_md", "gen_event_md\gen_event_md.vcxproj", "{FED919A9-19E0-4D4A-972F-DDF537F5DEFE}"
EndProject
Project("{8BC9CEB8-8B4A-11D0-8D11-00A0C91BC942}") = "ademco", "ademco\ademco.vcxproj", "{0757EA7C-9E3F-4F2F-8544-B1E649C9749A}"
EndProject
Project("{8BC9CEB8-8B4A-11D0-8D11-00A0C91BC942}") = "ademco_static", "ademco_static\ademco_static.vcxproj", "{3A477FA2-F84E-40E5-9767-0FFBD35BC57A}"
EndProject
Project("{8BC9CEB8-8B4A-11D0-8D11-00A0C91BC942}") = "ademco_static_mt", "ademco_static_mt\ademco_static_mt.vcxproj", "{0AA93A45-37CE-40DE-A0E9-7163941DFB2A}"
EndProject
Global
	GlobalSection(SolutionConfigurationPlatforms) = preSolution
		Debug|Any CPU = Debug|Any CPU
		Debug|ARM = Debug|ARM
		Debug|ARM64 = Debug|ARM64
		Debug|x64 = Debug|x64
		Debug|x86 = Debug|x86
		Release|Any CPU = Release|Any CPU
		Release|ARM = Release|ARM
		Release|ARM64 = Release|ARM64
		Release|x64 = Release|x64
		Release|x86 = Release|x86
	EndGlobalSection
	GlobalSection(ProjectConfigurationPlatforms) = postSolution
		{EA5A04AA-EE49-4059-81A0-765402A210E7}.Debug|Any CPU.ActiveCfg = Debug|Win32
		{EA5A04AA-EE49-4059-81A0-765402A210E7}.Debug|ARM.ActiveCfg = Debug|Win32
		{EA5A04AA-EE49-4059-81A0-765402A210E7}.Debug|ARM64.ActiveCfg = Debug|Win32
		{EA5A04AA-EE49-4059-81A0-765402A210E7}.Debug|x64.ActiveCfg = Debug|x64
		{EA5A04AA-EE49-4059-81A0-765402A210E7}.Debug|x64.Build.0 = Debug|x64
		{EA5A04AA-EE49-4059-81A0-765402A210E7}.Debug|x86.ActiveCfg = Debug|Win32
		{EA5A04AA-EE49-4059-81A0-765402A210E7}.Debug|x86.Build.0 = Debug|Win32
		{EA5A04AA-EE49-4059-81A0-765402A210E7}.Release|Any CPU.ActiveCfg = Release|Win32
		{EA5A04AA-EE49-4059-81A0-765402A210E7}.Release|ARM.ActiveCfg = Release|Win32
		{EA5A04AA-EE49-4059-81A0-765402A210E7}.Release|ARM64.ActiveCfg = Release|Win32
		{EA5A04AA-EE49-4059-81A0-765402A210E7}.Release|x64.ActiveCfg = Release|x64
		{EA5A04AA-EE49-4059-81A0-765402A210E7}.Release|x64.Build.0 = Release|x64
		{EA5A04AA-EE49-4059-81A0-765402A210E7}.Release|x86.ActiveCfg = Release|Win32
		{EA5A04AA-EE49-4059-81A0-765402A210E7}.Release|x86.Build.0 = Release|Win32
		{FED919A9-19E0-4D4A-972F-DDF537F5DEFE}.Debug|Any CPU.ActiveCfg = Debug|Win32
		{FED919A9-19E0-4D4A-972F-DDF537F5DEFE}.Debug|ARM.ActiveCfg = Debug|Win32
		{FED919A9-19E0-4D4A-972F-DDF537F5DEFE}.Debug|ARM64.ActiveCfg = Debug|Win32
		{FED919A9-19E0-4D4A-972F-DDF537F5DEFE}.Debug|x64.ActiveCfg = Debug|x64
		{FED919A9-19E0-4D4A-972F-DDF537F5DEFE}.Debug|x64.Build.0 = Debug|x64
		{FED919A9-19E0-4D4A-972F-DDF537F5DEFE}.Debug|x86.ActiveCfg = Debug|Win32
		{FED919A9-19E0-4D4A-972F-DDF537F5DEFE}.Debug|x86.Build.0 = Debug|Win32
		{FED919A9-19E0-4D4A-972F-DDF537F5DEFE}.Release|Any CPU.ActiveCfg = Release|Win32
		{FED919A9-19E0-4D4A-972F-DDF537F5DEFE}.Release|ARM.ActiveCfg = Release|Win32
		{FED919A9-19E0-4D4A-972F-DDF537F5DEFE}.Release|ARM64.ActiveCfg = Release|Win32
		{FED919A9-19E0-4D4A-972F-DDF537F5DEFE}.Release|x64.ActiveCfg = Release|x64
		{FED919A9-19E0-4D4A-972F-DDF537F5DEFE}.Release|x64.Build.0 = Release|x64
		{FED919A9-19E0-4D4A-972F-DDF537F5DEFE}.Release|x86.ActiveCfg = Release|Win32
		{FED919A9-19E0-4D4A-972F-DDF537F5DEFE}.Release|x86.Build.0 = Release|Win32
		{0757EA7C-9E3F-4F2F-8544-B1E649C9749A}.Debug|Any CPU.ActiveCfg = Debug|Win32
		{0757EA7C-9E3F-4F2F-8544-B1E649C9749A}.Debug|ARM.ActiveCfg = Debug|Win32
		{0757EA7C-9E3F-4F2F-8544-B1E649C9749A}.Debug|ARM64.ActiveCfg = Debug|Win32
		{0757EA7C-9E3F-4F2F-8544-B1E649C9749A}.Debug|x64.ActiveCfg = Debug|x64
		{0757EA7C-9E3F-4F2F-8544-B1E649C9749A}.Debug|x64.Build.0 = Debug|x64
		{0757EA7C-9E3F-4F2F-8544-B1E649C9749A}.Debug|x86.ActiveCfg = Debug|Win32
		{0757EA7C-9E3F-4F2F-8544-B1E649C9749A}.Debug|x86.Build.0 = Debug|Win32
		{0757EA7C-9E3F-4F2F-8544-B1E649C9749A}.Release|Any CPU.ActiveCfg = Release|Win32
		{0757EA7C-9E3F-4F2F-8544-B1E649C9749A}.Release|ARM.ActiveCfg = Release|Win32
		{0757EA7C-9E3F-4F2F-8544-B1E649C9749A}.Release|ARM64.ActiveCfg = Release|Win32
		{0757EA7C-9E3F-4F2F-8544-B1E649C9749A}.Release|x64.ActiveCfg = Release|x64
		{0757EA7C-9E3F-4F2F-8544-B1E649C9749A}.Release|x64.Build.0 = Release|x64
		{0757EA7C-9E3F-4F2F-8544-B1E649C9749A}.Release|x86.ActiveCfg = Release|Win32
		{0757EA7C-9E3F-4F2F-8544-B1E649C9749A}.Release|x86.Build.0 = Release|Win32
		{3A477FA2-F84E-40E5-9767-0FFBD35BC57A}.Debug|Any CPU.ActiveCfg = Debug|Win32
		{3A477FA2-F84E-40E5-9767-0FFBD35BC57A}.Debug|ARM.ActiveCfg = Debug|Win32
		{3A477FA2-F84E-40E5-9767-0FFBD35BC57A}.Debug|ARM64.ActiveCfg = Debug|Win32
		{3A477FA2-F84E-40E5-9767-0FFBD35BC57A}.Debug|x64.ActiveCfg = Debug|x64
		{3A477FA2-F84E-40E5-9767-0FFBD35BC57A}.Debug|x64.Build.0 = Debug|x64
		{3A477FA2-F84E-40E5-9767-0FFBD35BC57A}.Debug|x86.ActiveCfg = Debug|Win32
		{3A477FA2-F84E-40E5-9767-0FFBD35BC57A}.Debug|x86.Build.0 = Debug|Win32
		{3A477FA2-F84E-40E5-9767-0FFBD35BC57A}.Release|Any CPU.ActiveCfg = Release|Win32
		{3A477FA2-F84E-40E5-9767-0FFBD35BC57A}.Release|ARM.ActiveCfg = Release|Win32
		{3A477FA2-F84E-40E5-9767-0FFBD35BC57A}.Release|ARM64.ActiveCfg = Release|Win32
		{3A477FA2-F84E-40E5-9767-0FFBD35BC57A}.Release|x64.ActiveCfg = Release|x64
		{3A477FA2-F84E-40E5-9767-0FFBD35BC57A}.Release|x64.Build.0 = Release|x64
		{3A477FA2-F84E-40E5-9767-0FFBD35BC57A}.Release|x86.ActiveCfg = Release|Win32
		{3A477FA2-F84E-40E5-9767-0FFBD35BC57A}.Release|x86.Build.0 = Release|Win32
		{0AA93A45-37CE-40DE-A0E9-7163941DFB2A}.Debug|Any CPU.ActiveCfg = Debug|Win32
		{0AA93A45-37CE-40DE-A0E9-7163941DFB2A}.Debug|ARM.ActiveCfg = Debug|Win32
		{0AA93A45-37CE-40DE-A0E9-7163941DFB2A}.Debug|ARM64.ActiveCfg = Debug|Win32
		{0AA93A45-37CE-40DE-A0E9-7163941DFB2A}.Debug|x64.ActiveCfg = Debug|x64
		{0AA93A45-37CE-40DE-A0E9-7163941DFB2A}.Debug|x64.Build.0 = Debug|x64
		{0AA93A45-37CE-40DE-A0E9-7163941DFB2A}.Debug|x86.ActiveCfg = Debug|Win32
		{0AA93A45-37CE-40DE-A0E9-7163941DFB2A}.Debug|x86.Build.0 = Debug|Win32
		{0AA93A45-37CE-40DE-A0E9-7163941DFB2A}.Release|Any CPU.ActiveCfg = Release|Win32
		{0AA93A45-37CE-40DE-A0E9-7163941DFB2A}.Release|ARM.ActiveCfg = Release|Win32
		{0AA93A45-37CE-40DE-A0E9-7163941DFB2A}.Release|ARM64.ActiveCfg = Release|Win32
		{0AA93A45-37CE-40DE-A0E9-7163941DFB2A}.Release|x64.ActiveCfg = Release|x64
		{0AA93A45-37CE-40DE-A0E9-7163941DFB2A}.Release|x64.Build.0 = Release|x64
		{0AA93A45-37CE-40DE-A0E9-7163941DFB2A}.Release|x86.ActiveCfg = Release|Win32
		{0AA93A45-37CE-40DE-A0E9-7163941DFB2A}.Release|x86.Build.0 = Release|Win32
	EndGlobalSection
	GlobalSection(SolutionProperties) = preSolution
		HideSolutionNode = FALSE
	EndGlobalSection
	GlobalSection(ExtensibilityGlobals) = postSolution
		SolutionGuid = {C2F989C3-AE4A-4946-98BE-18AD5AD2C12E}
	EndGlobalSection
EndGlobal
